// !$*UTF8*$!
{
	archiveVersion = 1;
	classes = {
	};
	objectVersion = 50;
	objects = {

/* Begin PBXBuildFile section */
		FBE70DC02376C46A00A194B9 /* AppDelegate.swift in Sources */ = {isa = PBXBuildFile; fileRef = FBE70DBF2376C46A00A194B9 /* AppDelegate.swift */; };
		FBE70DC72376C46D00A194B9 /* Assets.xcassets in Resources */ = {isa = PBXBuildFile; fileRef = FBE70DC62376C46D00A194B9 /* Assets.xcassets */; };
		FBE70DCA2376C46D00A194B9 /* LaunchScreen.storyboard in Resources */ = {isa = PBXBuildFile; fileRef = FBE70DC82376C46D00A194B9 /* LaunchScreen.storyboard */; };
		FBE70DF12376C83400A194B9 /* Word.swift in Sources */ = {isa = PBXBuildFile; fileRef = FBE70DF02376C83400A194B9 /* Word.swift */; };
		FBE70DF32376C85500A194B9 /* words.json in Resources */ = {isa = PBXBuildFile; fileRef = FBE70DF22376C85500A194B9 /* words.json */; };
		FBE70DF52376C92800A194B9 /* HTTPClient.swift in Sources */ = {isa = PBXBuildFile; fileRef = FBE70DF42376C92800A194B9 /* HTTPClient.swift */; };
		FBE70DF72376CA3B00A194B9 /* WordHTTPClient.swift in Sources */ = {isa = PBXBuildFile; fileRef = FBE70DF62376CA3B00A194B9 /* WordHTTPClient.swift */; };
		FBE70DF92376CB3E00A194B9 /* WordService.swift in Sources */ = {isa = PBXBuildFile; fileRef = FBE70DF82376CB3E00A194B9 /* WordService.swift */; };
		FBE70DFB2376CBCA00A194B9 /* WordServiceMapper.swift in Sources */ = {isa = PBXBuildFile; fileRef = FBE70DFA2376CBCA00A194B9 /* WordServiceMapper.swift */; };
		FBE70DFD2376CCAD00A194B9 /* WordServiceSpy.swift in Sources */ = {isa = PBXBuildFile; fileRef = FBE70DFC2376CCAD00A194B9 /* WordServiceSpy.swift */; };
		FBE70DFF2376CCE000A194B9 /* WordServiceTest.swift in Sources */ = {isa = PBXBuildFile; fileRef = FBE70DFE2376CCE000A194B9 /* WordServiceTest.swift */; };
/* End PBXBuildFile section */

/* Begin PBXContainerItemProxy section */
		FBE70DD12376C46D00A194B9 /* PBXContainerItemProxy */ = {
			isa = PBXContainerItemProxy;
			containerPortal = FBE70DB42376C46A00A194B9 /* Project object */;
			proxyType = 1;
			remoteGlobalIDString = FBE70DBB2376C46A00A194B9;
			remoteInfo = FallingWordsApp;
		};
/* End PBXContainerItemProxy section */

/* Begin PBXFileReference section */
		FBE70DBC2376C46A00A194B9 /* FallingWordsApp.app */ = {isa = PBXFileReference; explicitFileType = wrapper.application; includeInIndex = 0; path = FallingWordsApp.app; sourceTree = BUILT_PRODUCTS_DIR; };
		FBE70DBF2376C46A00A194B9 /* AppDelegate.swift */ = {isa = PBXFileReference; lastKnownFileType = sourcecode.swift; path = AppDelegate.swift; sourceTree = "<group>"; };
		FBE70DC62376C46D00A194B9 /* Assets.xcassets */ = {isa = PBXFileReference; lastKnownFileType = folder.assetcatalog; path = Assets.xcassets; sourceTree = "<group>"; };
		FBE70DC92376C46D00A194B9 /* Base */ = {isa = PBXFileReference; lastKnownFileType = file.storyboard; name = Base; path = Base.lproj/LaunchScreen.storyboard; sourceTree = "<group>"; };
		FBE70DCB2376C46D00A194B9 /* Info.plist */ = {isa = PBXFileReference; lastKnownFileType = text.plist.xml; path = Info.plist; sourceTree = "<group>"; };
		FBE70DD02376C46D00A194B9 /* FallingWordsAppTests.xctest */ = {isa = PBXFileReference; explicitFileType = wrapper.cfbundle; includeInIndex = 0; path = FallingWordsAppTests.xctest; sourceTree = BUILT_PRODUCTS_DIR; };
		FBE70DD62376C46D00A194B9 /* Info.plist */ = {isa = PBXFileReference; lastKnownFileType = text.plist.xml; path = Info.plist; sourceTree = "<group>"; };
		FBE70DF02376C83400A194B9 /* Word.swift */ = {isa = PBXFileReference; lastKnownFileType = sourcecode.swift; path = Word.swift; sourceTree = "<group>"; };
		FBE70DF22376C85500A194B9 /* words.json */ = {isa = PBXFileReference; fileEncoding = 4; lastKnownFileType = text.json; path = words.json; sourceTree = "<group>"; };
		FBE70DF42376C92800A194B9 /* HTTPClient.swift */ = {isa = PBXFileReference; lastKnownFileType = sourcecode.swift; path = HTTPClient.swift; sourceTree = "<group>"; };
		FBE70DF62376CA3B00A194B9 /* WordHTTPClient.swift */ = {isa = PBXFileReference; lastKnownFileType = sourcecode.swift; path = WordHTTPClient.swift; sourceTree = "<group>"; };
		FBE70DF82376CB3E00A194B9 /* WordService.swift */ = {isa = PBXFileReference; lastKnownFileType = sourcecode.swift; path = WordService.swift; sourceTree = "<group>"; };
		FBE70DFA2376CBCA00A194B9 /* WordServiceMapper.swift */ = {isa = PBXFileReference; lastKnownFileType = sourcecode.swift; path = WordServiceMapper.swift; sourceTree = "<group>"; };
		FBE70DFC2376CCAD00A194B9 /* WordServiceSpy.swift */ = {isa = PBXFileReference; lastKnownFileType = sourcecode.swift; path = WordServiceSpy.swift; sourceTree = "<group>"; };
		FBE70DFE2376CCE000A194B9 /* WordServiceTest.swift */ = {isa = PBXFileReference; lastKnownFileType = sourcecode.swift; path = WordServiceTest.swift; sourceTree = "<group>"; };
/* End PBXFileReference section */

/* Begin PBXFrameworksBuildPhase section */
		FBE70DB92376C46A00A194B9 /* Frameworks */ = {
			isa = PBXFrameworksBuildPhase;
			buildActionMask = 2147483647;
			files = (
			);
			runOnlyForDeploymentPostprocessing = 0;
		};
		FBE70DCD2376C46D00A194B9 /* Frameworks */ = {
			isa = PBXFrameworksBuildPhase;
			buildActionMask = 2147483647;
			files = (
			);
			runOnlyForDeploymentPostprocessing = 0;
		};
/* End PBXFrameworksBuildPhase section */

/* Begin PBXGroup section */
		FBE70DB32376C46A00A194B9 = {
			isa = PBXGroup;
			children = (
				FBE70DBE2376C46A00A194B9 /* FallingWordsApp */,
				FBE70DD32376C46D00A194B9 /* FallingWordsAppTests */,
				FBE70DBD2376C46A00A194B9 /* Products */,
			);
			sourceTree = "<group>";
		};
		FBE70DBD2376C46A00A194B9 /* Products */ = {
			isa = PBXGroup;
			children = (
				FBE70DBC2376C46A00A194B9 /* FallingWordsApp.app */,
				FBE70DD02376C46D00A194B9 /* FallingWordsAppTests.xctest */,
			);
			name = Products;
			sourceTree = "<group>";
		};
		FBE70DBE2376C46A00A194B9 /* FallingWordsApp */ = {
			isa = PBXGroup;
			children = (
				FBE70DF22376C85500A194B9 /* words.json */,
				FBE70DF02376C83400A194B9 /* Word.swift */,
				FBE70DEF2376C81300A194B9 /* Network */,
				FBE70DBF2376C46A00A194B9 /* AppDelegate.swift */,
				FBE70DC62376C46D00A194B9 /* Assets.xcassets */,
				FBE70DC82376C46D00A194B9 /* LaunchScreen.storyboard */,
				FBE70DCB2376C46D00A194B9 /* Info.plist */,
			);
			path = FallingWordsApp;
			sourceTree = "<group>";
		};
		FBE70DD32376C46D00A194B9 /* FallingWordsAppTests */ = {
			isa = PBXGroup;
			children = (
				FBE70DD62376C46D00A194B9 /* Info.plist */,
				FBE70DFC2376CCAD00A194B9 /* WordServiceSpy.swift */,
				FBE70DFE2376CCE000A194B9 /* WordServiceTest.swift */,
			);
			path = FallingWordsAppTests;
			sourceTree = "<group>";
		};
		FBE70DEF2376C81300A194B9 /* Network */ = {
			isa = PBXGroup;
			children = (
				FBE70DF42376C92800A194B9 /* HTTPClient.swift */,
				FBE70DF62376CA3B00A194B9 /* WordHTTPClient.swift */,
				FBE70DF82376CB3E00A194B9 /* WordService.swift */,
				FBE70DFA2376CBCA00A194B9 /* WordServiceMapper.swift */,
			);
			path = Network;
			sourceTree = "<group>";
		};
/* End PBXGroup section */

/* Begin PBXNativeTarget section */
		FBE70DBB2376C46A00A194B9 /* FallingWordsApp */ = {
			isa = PBXNativeTarget;
			buildConfigurationList = FBE70DD92376C46D00A194B9 /* Build configuration list for PBXNativeTarget "FallingWordsApp" */;
			buildPhases = (
				FBE70DB82376C46A00A194B9 /* Sources */,
				FBE70DB92376C46A00A194B9 /* Frameworks */,
				FBE70DBA2376C46A00A194B9 /* Resources */,
			);
			buildRules = (
			);
			dependencies = (
			);
			name = FallingWordsApp;
			productName = FallingWordsApp;
			productReference = FBE70DBC2376C46A00A194B9 /* FallingWordsApp.app */;
			productType = "com.apple.product-type.application";
		};
		FBE70DCF2376C46D00A194B9 /* FallingWordsAppTests */ = {
			isa = PBXNativeTarget;
			buildConfigurationList = FBE70DDC2376C46D00A194B9 /* Build configuration list for PBXNativeTarget "FallingWordsAppTests" */;
			buildPhases = (
				FBE70DCC2376C46D00A194B9 /* Sources */,
				FBE70DCD2376C46D00A194B9 /* Frameworks */,
				FBE70DCE2376C46D00A194B9 /* Resources */,
			);
			buildRules = (
			);
			dependencies = (
				FBE70DD22376C46D00A194B9 /* PBXTargetDependency */,
			);
			name = FallingWordsAppTests;
			productName = FallingWordsAppTests;
			productReference = FBE70DD02376C46D00A194B9 /* FallingWordsAppTests.xctest */;
			productType = "com.apple.product-type.bundle.unit-test";
		};
/* End PBXNativeTarget section */

/* Begin PBXProject section */
		FBE70DB42376C46A00A194B9 /* Project object */ = {
			isa = PBXProject;
			attributes = {
				LastSwiftUpdateCheck = 1030;
				LastUpgradeCheck = 1030;
				ORGANIZATIONNAME = "hiralee malaviya";
				TargetAttributes = {
					FBE70DBB2376C46A00A194B9 = {
						CreatedOnToolsVersion = 10.3;
					};
					FBE70DCF2376C46D00A194B9 = {
						CreatedOnToolsVersion = 10.3;
						LastSwiftMigration = 1030;
						TestTargetID = FBE70DBB2376C46A00A194B9;
					};
				};
			};
			buildConfigurationList = FBE70DB72376C46A00A194B9 /* Build configuration list for PBXProject "FallingWordsApp" */;
			compatibilityVersion = "Xcode 9.3";
			developmentRegion = en;
			hasScannedForEncodings = 0;
			knownRegions = (
				en,
				Base,
			);
			mainGroup = FBE70DB32376C46A00A194B9;
			productRefGroup = FBE70DBD2376C46A00A194B9 /* Products */;
			projectDirPath = "";
			projectRoot = "";
			targets = (
				FBE70DBB2376C46A00A194B9 /* FallingWordsApp */,
				FBE70DCF2376C46D00A194B9 /* FallingWordsAppTests */,
			);
		};
/* End PBXProject section */

/* Begin PBXResourcesBuildPhase section */
		FBE70DBA2376C46A00A194B9 /* Resources */ = {
			isa = PBXResourcesBuildPhase;
			buildActionMask = 2147483647;
			files = (
				FBE70DF32376C85500A194B9 /* words.json in Resources */,
				FBE70DCA2376C46D00A194B9 /* LaunchScreen.storyboard in Resources */,
				FBE70DC72376C46D00A194B9 /* Assets.xcassets in Resources */,
			);
			runOnlyForDeploymentPostprocessing = 0;
		};
		FBE70DCE2376C46D00A194B9 /* Resources */ = {
			isa = PBXResourcesBuildPhase;
			buildActionMask = 2147483647;
			files = (
			);
			runOnlyForDeploymentPostprocessing = 0;
		};
/* End PBXResourcesBuildPhase section */

/* Begin PBXSourcesBuildPhase section */
		FBE70DB82376C46A00A194B9 /* Sources */ = {
			isa = PBXSourcesBuildPhase;
			buildActionMask = 2147483647;
			files = (
				FBE70DC02376C46A00A194B9 /* AppDelegate.swift in Sources */,
				FBE70DF12376C83400A194B9 /* Word.swift in Sources */,
				FBE70DF72376CA3B00A194B9 /* WordHTTPClient.swift in Sources */,
				FBE70DF92376CB3E00A194B9 /* WordService.swift in Sources */,
				FBE70DFB2376CBCA00A194B9 /* WordServiceMapper.swift in Sources */,
				FBE70DF52376C92800A194B9 /* HTTPClient.swift in Sources */,
			);
			runOnlyForDeploymentPostprocessing = 0;
		};
		FBE70DCC2376C46D00A194B9 /* Sources */ = {
			isa = PBXSourcesBuildPhase;
			buildActionMask = 2147483647;
			files = (
				FBE70DFD2376CCAD00A194B9 /* WordServiceSpy.swift in Sources */,
				FBE70DFF2376CCE000A194B9 /* WordServiceTest.swift in Sources */,
			);
			runOnlyForDeploymentPostprocessing = 0;
		};
/* End PBXSourcesBuildPhase section */

/* Begin PBXTargetDependency section */
		FBE70DD22376C46D00A194B9 /* PBXTargetDependency */ = {
			isa = PBXTargetDependency;
			target = FBE70DBB2376C46A00A194B9 /* FallingWordsApp */;
			targetProxy = FBE70DD12376C46D00A194B9 /* PBXContainerItemProxy */;
		};
/* End PBXTargetDependency section */

/* Begin PBXVariantGroup section */
		FBE70DC82376C46D00A194B9 /* LaunchScreen.storyboard */ = {
			isa = PBXVariantGroup;
			children = (
				FBE70DC92376C46D00A194B9 /* Base */,
			);
			name = LaunchScreen.storyboard;
			sourceTree = "<group>";
		};
/* End PBXVariantGroup section */

/* Begin XCBuildConfiguration section */
		FBE70DD72376C46D00A194B9 /* Debug */ = {
			isa = XCBuildConfiguration;
			buildSettings = {
				ALWAYS_SEARCH_USER_PATHS = NO;
				CLANG_ANALYZER_NONNULL = YES;
				CLANG_ANALYZER_NUMBER_OBJECT_CONVERSION = YES_AGGRESSIVE;
				CLANG_CXX_LANGUAGE_STANDARD = "gnu++14";
				CLANG_CXX_LIBRARY = "libc++";
				CLANG_ENABLE_MODULES = YES;
				CLANG_ENABLE_OBJC_ARC = YES;
				CLANG_ENABLE_OBJC_WEAK = YES;
				CLANG_WARN_BLOCK_CAPTURE_AUTORELEASING = YES;
				CLANG_WARN_BOOL_CONVERSION = YES;
				CLANG_WARN_COMMA = YES;
				CLANG_WARN_CONSTANT_CONVERSION = YES;
				CLANG_WARN_DEPRECATED_OBJC_IMPLEMENTATIONS = YES;
				CLANG_WARN_DIRECT_OBJC_ISA_USAGE = YES_ERROR;
				CLANG_WARN_DOCUMENTATION_COMMENTS = YES;
				CLANG_WARN_EMPTY_BODY = YES;
				CLANG_WARN_ENUM_CONVERSION = YES;
				CLANG_WARN_INFINITE_RECURSION = YES;
				CLANG_WARN_INT_CONVERSION = YES;
				CLANG_WARN_NON_LITERAL_NULL_CONVERSION = YES;
				CLANG_WARN_OBJC_IMPLICIT_RETAIN_SELF = YES;
				CLANG_WARN_OBJC_LITERAL_CONVERSION = YES;
				CLANG_WARN_OBJC_ROOT_CLASS = YES_ERROR;
				CLANG_WARN_RANGE_LOOP_ANALYSIS = YES;
				CLANG_WARN_STRICT_PROTOTYPES = YES;
				CLANG_WARN_SUSPICIOUS_MOVE = YES;
				CLANG_WARN_UNGUARDED_AVAILABILITY = YES_AGGRESSIVE;
				CLANG_WARN_UNREACHABLE_CODE = YES;
				CLANG_WARN__DUPLICATE_METHOD_MATCH = YES;
				CODE_SIGN_IDENTITY = "iPhone Developer";
				COPY_PHASE_STRIP = NO;
				DEBUG_INFORMATION_FORMAT = dwarf;
				ENABLE_STRICT_OBJC_MSGSEND = YES;
				ENABLE_TESTABILITY = YES;
				GCC_C_LANGUAGE_STANDARD = gnu11;
				GCC_DYNAMIC_NO_PIC = NO;
				GCC_NO_COMMON_BLOCKS = YES;
				GCC_OPTIMIZATION_LEVEL = 0;
				GCC_PREPROCESSOR_DEFINITIONS = (
					"DEBUG=1",
					"$(inherited)",
				);
				GCC_WARN_64_TO_32_BIT_CONVERSION = YES;
				GCC_WARN_ABOUT_RETURN_TYPE = YES_ERROR;
				GCC_WARN_UNDECLARED_SELECTOR = YES;
				GCC_WARN_UNINITIALIZED_AUTOS = YES_AGGRESSIVE;
				GCC_WARN_UNUSED_FUNCTION = YES;
				GCC_WARN_UNUSED_VARIABLE = YES;
				IPHONEOS_DEPLOYMENT_TARGET = 12.4;
				MTL_ENABLE_DEBUG_INFO = INCLUDE_SOURCE;
				MTL_FAST_MATH = YES;
				ONLY_ACTIVE_ARCH = YES;
				SDKROOT = iphoneos;
				SWIFT_ACTIVE_COMPILATION_CONDITIONS = DEBUG;
				SWIFT_OPTIMIZATION_LEVEL = "-Onone";
			};
			name = Debug;
		};
		FBE70DD82376C46D00A194B9 /* Release */ = {
			isa = XCBuildConfiguration;
			buildSettings = {
				ALWAYS_SEARCH_USER_PATHS = NO;
				CLANG_ANALYZER_NONNULL = YES;
				CLANG_ANALYZER_NUMBER_OBJECT_CONVERSION = YES_AGGRESSIVE;
				CLANG_CXX_LANGUAGE_STANDARD = "gnu++14";
				CLANG_CXX_LIBRARY = "libc++";
				CLANG_ENABLE_MODULES = YES;
				CLANG_ENABLE_OBJC_ARC = YES;
				CLANG_ENABLE_OBJC_WEAK = YES;
				CLANG_WARN_BLOCK_CAPTURE_AUTORELEASING = YES;
				CLANG_WARN_BOOL_CONVERSION = YES;
				CLANG_WARN_COMMA = YES;
				CLANG_WARN_CONSTANT_CONVERSION = YES;
				CLANG_WARN_DEPRECATED_OBJC_IMPLEMENTATIONS = YES;
				CLANG_WARN_DIRECT_OBJC_ISA_USAGE = YES_ERROR;
				CLANG_WARN_DOCUMENTATION_COMMENTS = YES;
				CLANG_WARN_EMPTY_BODY = YES;
				CLANG_WARN_ENUM_CONVERSION = YES;
				CLANG_WARN_INFINITE_RECURSION = YES;
				CLANG_WARN_INT_CONVERSION = YES;
				CLANG_WARN_NON_LITERAL_NULL_CONVERSION = YES;
				CLANG_WARN_OBJC_IMPLICIT_RETAIN_SELF = YES;
				CLANG_WARN_OBJC_LITERAL_CONVERSION = YES;
				CLANG_WARN_OBJC_ROOT_CLASS = YES_ERROR;
				CLANG_WARN_RANGE_LOOP_ANALYSIS = YES;
				CLANG_WARN_STRICT_PROTOTYPES = YES;
				CLANG_WARN_SUSPICIOUS_MOVE = YES;
				CLANG_WARN_UNGUARDED_AVAILABILITY = YES_AGGRESSIVE;
				CLANG_WARN_UNREACHABLE_CODE = YES;
				CLANG_WARN__DUPLICATE_METHOD_MATCH = YES;
				CODE_SIGN_IDENTITY = "iPhone Developer";
				COPY_PHASE_STRIP = NO;
				DEBUG_INFORMATION_FORMAT = "dwarf-with-dsym";
				ENABLE_NS_ASSERTIONS = NO;
				ENABLE_STRICT_OBJC_MSGSEND = YES;
				GCC_C_LANGUAGE_STANDARD = gnu11;
				GCC_NO_COMMON_BLOCKS = YES;
				GCC_WARN_64_TO_32_BIT_CONVERSION = YES;
				GCC_WARN_ABOUT_RETURN_TYPE = YES_ERROR;
				GCC_WARN_UNDECLARED_SELECTOR = YES;
				GCC_WARN_UNINITIALIZED_AUTOS = YES_AGGRESSIVE;
				GCC_WARN_UNUSED_FUNCTION = YES;
				GCC_WARN_UNUSED_VARIABLE = YES;
				IPHONEOS_DEPLOYMENT_TARGET = 12.4;
				MTL_ENABLE_DEBUG_INFO = NO;
				MTL_FAST_MATH = YES;
				SDKROOT = iphoneos;
				SWIFT_COMPILATION_MODE = wholemodule;
				SWIFT_OPTIMIZATION_LEVEL = "-O";
				VALIDATE_PRODUCT = YES;
			};
			name = Release;
		};
		FBE70DDA2376C46D00A194B9 /* Debug */ = {
			isa = XCBuildConfiguration;
			buildSettings = {
				ASSETCATALOG_COMPILER_APPICON_NAME = AppIcon;
				CODE_SIGN_STYLE = Automatic;
				INFOPLIST_FILE = FallingWordsApp/Info.plist;
				LD_RUNPATH_SEARCH_PATHS = (
					"$(inherited)",
					"@executable_path/Frameworks",
				);
				PRODUCT_BUNDLE_IDENTIFIER = com.hiraleemalaviya.FallingWordsApp;
				PRODUCT_NAME = "$(TARGET_NAME)";
				SWIFT_VERSION = 5.0;
				TARGETED_DEVICE_FAMILY = "1,2";
			};
			name = Debug;
		};
		FBE70DDB2376C46D00A194B9 /* Release */ = {
			isa = XCBuildConfiguration;
			buildSettings = {
				ASSETCATALOG_COMPILER_APPICON_NAME = AppIcon;
				CODE_SIGN_STYLE = Automatic;
				INFOPLIST_FILE = FallingWordsApp/Info.plist;
				LD_RUNPATH_SEARCH_PATHS = (
					"$(inherited)",
					"@executable_path/Frameworks",
				);
				PRODUCT_BUNDLE_IDENTIFIER = com.hiraleemalaviya.FallingWordsApp;
				PRODUCT_NAME = "$(TARGET_NAME)";
				SWIFT_VERSION = 5.0;
				TARGETED_DEVICE_FAMILY = "1,2";
			};
			name = Release;
		};
		FBE70DDD2376C46D00A194B9 /* Debug */ = {
			isa = XCBuildConfiguration;
			buildSettings = {
				ALWAYS_EMBED_SWIFT_STANDARD_LIBRARIES = YES;
				BUNDLE_LOADER = "$(TEST_HOST)";
				CLANG_ENABLE_MODULES = YES;
				CODE_SIGN_STYLE = Automatic;
				INFOPLIST_FILE = FallingWordsAppTests/Info.plist;
				LD_RUNPATH_SEARCH_PATHS = (
					"$(inherited)",
					"@executable_path/Frameworks",
					"@loader_path/Frameworks",
				);
				PRODUCT_BUNDLE_IDENTIFIER = com.hiraleemalaviya.FallingWordsAppTests;
				PRODUCT_NAME = "$(TARGET_NAME)";
				SWIFT_OPTIMIZATION_LEVEL = "-Onone";
				SWIFT_VERSION = 5.0;
				TARGETED_DEVICE_FAMILY = "1,2";
				TEST_HOST = "$(BUILT_PRODUCTS_DIR)/FallingWordsApp.app/FallingWordsApp";
			};
			name = Debug;
		};
		FBE70DDE2376C46D00A194B9 /* Release */ = {
			isa = XCBuildConfiguration;
			buildSettings = {
				ALWAYS_EMBED_SWIFT_STANDARD_LIBRARIES = YES;
				BUNDLE_LOADER = "$(TEST_HOST)";
				CLANG_ENABLE_MODULES = YES;
				CODE_SIGN_STYLE = Automatic;
				INFOPLIST_FILE = FallingWordsAppTests/Info.plist;
				LD_RUNPATH_SEARCH_PATHS = (
					"$(inherited)",
					"@executable_path/Frameworks",
					"@loader_path/Frameworks",
				);
				PRODUCT_BUNDLE_IDENTIFIER = com.hiraleemalaviya.FallingWordsAppTests;
				PRODUCT_NAME = "$(TARGET_NAME)";
				SWIFT_VERSION = 5.0;
				TARGETED_DEVICE_FAMILY = "1,2";
				TEST_HOST = "$(BUILT_PRODUCTS_DIR)/FallingWordsApp.app/FallingWordsApp";
			};
			name = Release;
		};
/* End XCBuildConfiguration section */

/* Begin XCConfigurationList section */
		FBE70DB72376C46A00A194B9 /* Build configuration list for PBXProject "FallingWordsApp" */ = {
			isa = XCConfigurationList;
			buildConfigurations = (
				FBE70DD72376C46D00A194B9 /* Debug */,
				FBE70DD82376C46D00A194B9 /* Release */,
			);
			defaultConfigurationIsVisible = 0;
			defaultConfigurationName = Release;
		};
		FBE70DD92376C46D00A194B9 /* Build configuration list for PBXNativeTarget "FallingWordsApp" */ = {
			isa = XCConfigurationList;
			buildConfigurations = (
				FBE70DDA2376C46D00A194B9 /* Debug */,
				FBE70DDB2376C46D00A194B9 /* Release */,
			);
			defaultConfigurationIsVisible = 0;
			defaultConfigurationName = Release;
		};
		FBE70DDC2376C46D00A194B9 /* Build configuration list for PBXNativeTarget "FallingWordsAppTests" */ = {
			isa = XCConfigurationList;
			buildConfigurations = (
				FBE70DDD2376C46D00A194B9 /* Debug */,
				FBE70DDE2376C46D00A194B9 /* Release */,
			);
			defaultConfigurationIsVisible = 0;
			defaultConfigurationName = Release;
		};
/* End XCConfigurationList section */
	};
	rootObject = FBE70DB42376C46A00A194B9 /* Project object */;
}
